// !$*UTF8*$!
{
	archiveVersion = 1;
	classes = {
	};
	objectVersion = 50;
	objects = {

/* Begin PBXBuildFile section */
		CA27FDE124B7A2CF0017C738 /* ImageSelectorViewController.swift in Sources */ = {isa = PBXBuildFile; fileRef = CA27FDE024B7A2CF0017C738 /* ImageSelectorViewController.swift */; };
		CA27FDE424B7B3A60017C738 /* ImageCollectionViewCell.swift in Sources */ = {isa = PBXBuildFile; fileRef = CA27FDE324B7B3A60017C738 /* ImageCollectionViewCell.swift */; };
		CA54001324A9616C003FE980 /* KeyInfoTableViewCell.swift in Sources */ = {isa = PBXBuildFile; fileRef = CA54001224A9616C003FE980 /* KeyInfoTableViewCell.swift */; };
		CA54001624A9E61F003FE980 /* AddElementViewController.swift in Sources */ = {isa = PBXBuildFile; fileRef = CA54001524A9E61F003FE980 /* AddElementViewController.swift */; };
		CA5CE15924BC7AF7003D49B6 /* AboutViewController.swift in Sources */ = {isa = PBXBuildFile; fileRef = CA5CE15824BC7AF7003D49B6 /* AboutViewController.swift */; };
		CAE341C224B9326600D7DA0D /* TypeChooserViewController.swift in Sources */ = {isa = PBXBuildFile; fileRef = CAE341C124B9326600D7DA0D /* TypeChooserViewController.swift */; };
		CAE341C424B935DB00D7DA0D /* InfoTypesViewCell.swift in Sources */ = {isa = PBXBuildFile; fileRef = CAE341C324B935DB00D7DA0D /* InfoTypesViewCell.swift */; };
		CAE982AF24A8B6480036501C /* AppDelegate.swift in Sources */ = {isa = PBXBuildFile; fileRef = CAE982AE24A8B6480036501C /* AppDelegate.swift */; };
		CAE982B324A8B6480036501C /* ViewController.swift in Sources */ = {isa = PBXBuildFile; fileRef = CAE982B224A8B6480036501C /* ViewController.swift */; };
		CAE982B624A8B6480036501C /* Main.storyboard in Resources */ = {isa = PBXBuildFile; fileRef = CAE982B424A8B6480036501C /* Main.storyboard */; };
		CAE982B924A8B6480036501C /* Key_Info.xcdatamodeld in Sources */ = {isa = PBXBuildFile; fileRef = CAE982B724A8B6480036501C /* Key_Info.xcdatamodeld */; };
		CAE982BB24A8B6490036501C /* Assets.xcassets in Resources */ = {isa = PBXBuildFile; fileRef = CAE982BA24A8B6490036501C /* Assets.xcassets */; };
		CAE982BE24A8B6490036501C /* LaunchScreen.storyboard in Resources */ = {isa = PBXBuildFile; fileRef = CAE982BC24A8B6490036501C /* LaunchScreen.storyboard */; };
		CAE982C824A941B30036501C /* DataModel.swift in Sources */ = {isa = PBXBuildFile; fileRef = CAE982C724A941B30036501C /* DataModel.swift */; };
/* End PBXBuildFile section */

/* Begin PBXFileReference section */
		CA27FDE024B7A2CF0017C738 /* ImageSelectorViewController.swift */ = {isa = PBXFileReference; lastKnownFileType = sourcecode.swift; path = ImageSelectorViewController.swift; sourceTree = "<group>"; };
		CA27FDE324B7B3A60017C738 /* ImageCollectionViewCell.swift */ = {isa = PBXFileReference; lastKnownFileType = sourcecode.swift; path = ImageCollectionViewCell.swift; sourceTree = "<group>"; };
		CA54001224A9616C003FE980 /* KeyInfoTableViewCell.swift */ = {isa = PBXFileReference; lastKnownFileType = sourcecode.swift; path = KeyInfoTableViewCell.swift; sourceTree = "<group>"; };
		CA54001524A9E61F003FE980 /* AddElementViewController.swift */ = {isa = PBXFileReference; lastKnownFileType = sourcecode.swift; path = AddElementViewController.swift; sourceTree = "<group>"; };
		CA5CE15824BC7AF7003D49B6 /* AboutViewController.swift */ = {isa = PBXFileReference; lastKnownFileType = sourcecode.swift; path = AboutViewController.swift; sourceTree = "<group>"; };
		CAE341C124B9326600D7DA0D /* TypeChooserViewController.swift */ = {isa = PBXFileReference; lastKnownFileType = sourcecode.swift; path = TypeChooserViewController.swift; sourceTree = "<group>"; };
		CAE341C324B935DB00D7DA0D /* InfoTypesViewCell.swift */ = {isa = PBXFileReference; lastKnownFileType = sourcecode.swift; path = InfoTypesViewCell.swift; sourceTree = "<group>"; };
		CAE982AB24A8B6480036501C /* Key Info.app */ = {isa = PBXFileReference; explicitFileType = wrapper.application; includeInIndex = 0; path = "Key Info.app"; sourceTree = BUILT_PRODUCTS_DIR; };
		CAE982AE24A8B6480036501C /* AppDelegate.swift */ = {isa = PBXFileReference; lastKnownFileType = sourcecode.swift; path = AppDelegate.swift; sourceTree = "<group>"; };
		CAE982B224A8B6480036501C /* ViewController.swift */ = {isa = PBXFileReference; lastKnownFileType = sourcecode.swift; path = ViewController.swift; sourceTree = "<group>"; };
		CAE982B524A8B6480036501C /* Base */ = {isa = PBXFileReference; lastKnownFileType = file.storyboard; name = Base; path = Base.lproj/Main.storyboard; sourceTree = "<group>"; };
		CAE982B824A8B6480036501C /* Key_Info.xcdatamodel */ = {isa = PBXFileReference; lastKnownFileType = wrapper.xcdatamodel; path = Key_Info.xcdatamodel; sourceTree = "<group>"; };
		CAE982BA24A8B6490036501C /* Assets.xcassets */ = {isa = PBXFileReference; lastKnownFileType = folder.assetcatalog; path = Assets.xcassets; sourceTree = "<group>"; };
		CAE982BD24A8B6490036501C /* Base */ = {isa = PBXFileReference; lastKnownFileType = file.storyboard; name = Base; path = Base.lproj/LaunchScreen.storyboard; sourceTree = "<group>"; };
		CAE982BF24A8B6490036501C /* Info.plist */ = {isa = PBXFileReference; lastKnownFileType = text.plist.xml; path = Info.plist; sourceTree = "<group>"; };
		CAE982C724A941B30036501C /* DataModel.swift */ = {isa = PBXFileReference; lastKnownFileType = sourcecode.swift; path = DataModel.swift; sourceTree = "<group>"; };
/* End PBXFileReference section */

/* Begin PBXFrameworksBuildPhase section */
		CAE982A824A8B6480036501C /* Frameworks */ = {
			isa = PBXFrameworksBuildPhase;
			buildActionMask = 2147483647;
			files = (
			);
			runOnlyForDeploymentPostprocessing = 0;
		};
/* End PBXFrameworksBuildPhase section */

/* Begin PBXGroup section */
		CA27FDE224B7B35B0017C738 /* CustomCells */ = {
			isa = PBXGroup;
			children = (
				CA54001224A9616C003FE980 /* KeyInfoTableViewCell.swift */,
				CA27FDE324B7B3A60017C738 /* ImageCollectionViewCell.swift */,
				CAE341C324B935DB00D7DA0D /* InfoTypesViewCell.swift */,
			);
			path = CustomCells;
			sourceTree = "<group>";
		};
		CA54001424A977E7003FE980 /* Storyboards */ = {
			isa = PBXGroup;
			children = (
				CAE982B424A8B6480036501C /* Main.storyboard */,
				CAE982BC24A8B6490036501C /* LaunchScreen.storyboard */,
			);
			path = Storyboards;
			sourceTree = "<group>";
		};
		CAE982A224A8B6480036501C = {
			isa = PBXGroup;
			children = (
				CAE982AD24A8B6480036501C /* Key Info */,
				CAE982AC24A8B6480036501C /* Products */,
			);
			sourceTree = "<group>";
		};
		CAE982AC24A8B6480036501C /* Products */ = {
			isa = PBXGroup;
			children = (
				CAE982AB24A8B6480036501C /* Key Info.app */,
			);
			name = Products;
			sourceTree = "<group>";
		};
		CAE982AD24A8B6480036501C /* Key Info */ = {
			isa = PBXGroup;
			children = (
				CAE982AE24A8B6480036501C /* AppDelegate.swift */,
				CAE982C724A941B30036501C /* DataModel.swift */,
				CA54001424A977E7003FE980 /* Storyboards */,
				CAE982C924A945D80036501C /* ViewControllers */,
				CAE982BA24A8B6490036501C /* Assets.xcassets */,
				CAE982BF24A8B6490036501C /* Info.plist */,
				CAE982B724A8B6480036501C /* Key_Info.xcdatamodeld */,
			);
			path = "Key Info";
			sourceTree = "<group>";
		};
		CAE982C924A945D80036501C /* ViewControllers */ = {
			isa = PBXGroup;
			children = (
				CA27FDE224B7B35B0017C738 /* CustomCells */,
				CAE982B224A8B6480036501C /* ViewController.swift */,
				CA54001524A9E61F003FE980 /* AddElementViewController.swift */,
				CA27FDE024B7A2CF0017C738 /* ImageSelectorViewController.swift */,
				CAE341C124B9326600D7DA0D /* TypeChooserViewController.swift */,
				CA5CE15824BC7AF7003D49B6 /* AboutViewController.swift */,
			);
			path = ViewControllers;
			sourceTree = "<group>";
		};
/* End PBXGroup section */

/* Begin PBXNativeTarget section */
		CAE982AA24A8B6480036501C /* Key Info */ = {
			isa = PBXNativeTarget;
			buildConfigurationList = CAE982C224A8B6490036501C /* Build configuration list for PBXNativeTarget "Key Info" */;
			buildPhases = (
				CAE982A724A8B6480036501C /* Sources */,
				CAE982A824A8B6480036501C /* Frameworks */,
				CAE982A924A8B6480036501C /* Resources */,
			);
			buildRules = (
			);
			dependencies = (
			);
			name = "Key Info";
			productName = "Key Info";
			productReference = CAE982AB24A8B6480036501C /* Key Info.app */;
			productType = "com.apple.product-type.application";
		};
/* End PBXNativeTarget section */

/* Begin PBXProject section */
		CAE982A324A8B6480036501C /* Project object */ = {
			isa = PBXProject;
			attributes = {
				LastSwiftUpdateCheck = 1150;
				LastUpgradeCheck = 1150;
				ORGANIZATIONNAME = "Paul Barnes";
				TargetAttributes = {
					CAE982AA24A8B6480036501C = {
						CreatedOnToolsVersion = 11.5;
					};
				};
			};
			buildConfigurationList = CAE982A624A8B6480036501C /* Build configuration list for PBXProject "Key Info" */;
			compatibilityVersion = "Xcode 9.3";
			developmentRegion = en;
			hasScannedForEncodings = 0;
			knownRegions = (
				en,
				Base,
			);
			mainGroup = CAE982A224A8B6480036501C;
			productRefGroup = CAE982AC24A8B6480036501C /* Products */;
			projectDirPath = "";
			projectRoot = "";
			targets = (
				CAE982AA24A8B6480036501C /* Key Info */,
			);
		};
/* End PBXProject section */

/* Begin PBXResourcesBuildPhase section */
		CAE982A924A8B6480036501C /* Resources */ = {
			isa = PBXResourcesBuildPhase;
			buildActionMask = 2147483647;
			files = (
				CAE982BE24A8B6490036501C /* LaunchScreen.storyboard in Resources */,
				CAE982BB24A8B6490036501C /* Assets.xcassets in Resources */,
				CAE982B624A8B6480036501C /* Main.storyboard in Resources */,
			);
			runOnlyForDeploymentPostprocessing = 0;
		};
/* End PBXResourcesBuildPhase section */

/* Begin PBXSourcesBuildPhase section */
		CAE982A724A8B6480036501C /* Sources */ = {
			isa = PBXSourcesBuildPhase;
			buildActionMask = 2147483647;
			files = (
				CAE982C824A941B30036501C /* DataModel.swift in Sources */,
				CAE341C224B9326600D7DA0D /* TypeChooserViewController.swift in Sources */,
				CA5CE15924BC7AF7003D49B6 /* AboutViewController.swift in Sources */,
				CA54001624A9E61F003FE980 /* AddElementViewController.swift in Sources */,
				CA27FDE424B7B3A60017C738 /* ImageCollectionViewCell.swift in Sources */,
				CAE982B324A8B6480036501C /* ViewController.swift in Sources */,
				CAE982B924A8B6480036501C /* Key_Info.xcdatamodeld in Sources */,
				CAE341C424B935DB00D7DA0D /* InfoTypesViewCell.swift in Sources */,
				CA27FDE124B7A2CF0017C738 /* ImageSelectorViewController.swift in Sources */,
				CA54001324A9616C003FE980 /* KeyInfoTableViewCell.swift in Sources */,
				CAE982AF24A8B6480036501C /* AppDelegate.swift in Sources */,
			);
			runOnlyForDeploymentPostprocessing = 0;
		};
/* End PBXSourcesBuildPhase section */

/* Begin PBXVariantGroup section */
		CAE982B424A8B6480036501C /* Main.storyboard */ = {
			isa = PBXVariantGroup;
			children = (
				CAE982B524A8B6480036501C /* Base */,
			);
			name = Main.storyboard;
			sourceTree = "<group>";
		};
		CAE982BC24A8B6490036501C /* LaunchScreen.storyboard */ = {
			isa = PBXVariantGroup;
			children = (
				CAE982BD24A8B6490036501C /* Base */,
			);
			name = LaunchScreen.storyboard;
			sourceTree = "<group>";
		};
/* End PBXVariantGroup section */

/* Begin XCBuildConfiguration section */
		CAE982C024A8B6490036501C /* Debug */ = {
			isa = XCBuildConfiguration;
			buildSettings = {
				ALWAYS_SEARCH_USER_PATHS = NO;
				CLANG_ANALYZER_NONNULL = YES;
				CLANG_ANALYZER_NUMBER_OBJECT_CONVERSION = YES_AGGRESSIVE;
				CLANG_CXX_LANGUAGE_STANDARD = "gnu++14";
				CLANG_CXX_LIBRARY = "libc++";
				CLANG_ENABLE_MODULES = YES;
				CLANG_ENABLE_OBJC_ARC = YES;
				CLANG_ENABLE_OBJC_WEAK = YES;
				CLANG_WARN_BLOCK_CAPTURE_AUTORELEASING = YES;
				CLANG_WARN_BOOL_CONVERSION = YES;
				CLANG_WARN_COMMA = YES;
				CLANG_WARN_CONSTANT_CONVERSION = YES;
				CLANG_WARN_DEPRECATED_OBJC_IMPLEMENTATIONS = YES;
				CLANG_WARN_DIRECT_OBJC_ISA_USAGE = YES_ERROR;
				CLANG_WARN_DOCUMENTATION_COMMENTS = YES;
				CLANG_WARN_EMPTY_BODY = YES;
				CLANG_WARN_ENUM_CONVERSION = YES;
				CLANG_WARN_INFINITE_RECURSION = YES;
				CLANG_WARN_INT_CONVERSION = YES;
				CLANG_WARN_NON_LITERAL_NULL_CONVERSION = YES;
				CLANG_WARN_OBJC_IMPLICIT_RETAIN_SELF = YES;
				CLANG_WARN_OBJC_LITERAL_CONVERSION = YES;
				CLANG_WARN_OBJC_ROOT_CLASS = YES_ERROR;
				CLANG_WARN_RANGE_LOOP_ANALYSIS = YES;
				CLANG_WARN_STRICT_PROTOTYPES = YES;
				CLANG_WARN_SUSPICIOUS_MOVE = YES;
				CLANG_WARN_UNGUARDED_AVAILABILITY = YES_AGGRESSIVE;
				CLANG_WARN_UNREACHABLE_CODE = YES;
				CLANG_WARN__DUPLICATE_METHOD_MATCH = YES;
				COPY_PHASE_STRIP = NO;
				DEBUG_INFORMATION_FORMAT = dwarf;
				ENABLE_STRICT_OBJC_MSGSEND = YES;
				ENABLE_TESTABILITY = YES;
				GCC_C_LANGUAGE_STANDARD = gnu11;
				GCC_DYNAMIC_NO_PIC = NO;
				GCC_NO_COMMON_BLOCKS = YES;
				GCC_OPTIMIZATION_LEVEL = 0;
				GCC_PREPROCESSOR_DEFINITIONS = (
					"DEBUG=1",
					"$(inherited)",
				);
				GCC_WARN_64_TO_32_BIT_CONVERSION = YES;
				GCC_WARN_ABOUT_RETURN_TYPE = YES_ERROR;
				GCC_WARN_UNDECLARED_SELECTOR = YES;
				GCC_WARN_UNINITIALIZED_AUTOS = YES_AGGRESSIVE;
				GCC_WARN_UNUSED_FUNCTION = YES;
				GCC_WARN_UNUSED_VARIABLE = YES;
				IPHONEOS_DEPLOYMENT_TARGET = 13.0;
				MTL_ENABLE_DEBUG_INFO = INCLUDE_SOURCE;
				MTL_FAST_MATH = YES;
				ONLY_ACTIVE_ARCH = YES;
				SDKROOT = iphoneos;
				SWIFT_ACTIVE_COMPILATION_CONDITIONS = DEBUG;
				SWIFT_OPTIMIZATION_LEVEL = "-Onone";
			};
			name = Debug;
		};
		CAE982C124A8B6490036501C /* Release */ = {
			isa = XCBuildConfiguration;
			buildSettings = {
				ALWAYS_SEARCH_USER_PATHS = NO;
				CLANG_ANALYZER_NONNULL = YES;
				CLANG_ANALYZER_NUMBER_OBJECT_CONVERSION = YES_AGGRESSIVE;
				CLANG_CXX_LANGUAGE_STANDARD = "gnu++14";
				CLANG_CXX_LIBRARY = "libc++";
				CLANG_ENABLE_MODULES = YES;
				CLANG_ENABLE_OBJC_ARC = YES;
				CLANG_ENABLE_OBJC_WEAK = YES;
				CLANG_WARN_BLOCK_CAPTURE_AUTORELEASING = YES;
				CLANG_WARN_BOOL_CONVERSION = YES;
				CLANG_WARN_COMMA = YES;
				CLANG_WARN_CONSTANT_CONVERSION = YES;
				CLANG_WARN_DEPRECATED_OBJC_IMPLEMENTATIONS = YES;
				CLANG_WARN_DIRECT_OBJC_ISA_USAGE = YES_ERROR;
				CLANG_WARN_DOCUMENTATION_COMMENTS = YES;
				CLANG_WARN_EMPTY_BODY = YES;
				CLANG_WARN_ENUM_CONVERSION = YES;
				CLANG_WARN_INFINITE_RECURSION = YES;
				CLANG_WARN_INT_CONVERSION = YES;
				CLANG_WARN_NON_LITERAL_NULL_CONVERSION = YES;
				CLANG_WARN_OBJC_IMPLICIT_RETAIN_SELF = YES;
				CLANG_WARN_OBJC_LITERAL_CONVERSION = YES;
				CLANG_WARN_OBJC_ROOT_CLASS = YES_ERROR;
				CLANG_WARN_RANGE_LOOP_ANALYSIS = YES;
				CLANG_WARN_STRICT_PROTOTYPES = YES;
				CLANG_WARN_SUSPICIOUS_MOVE = YES;
				CLANG_WARN_UNGUARDED_AVAILABILITY = YES_AGGRESSIVE;
				CLANG_WARN_UNREACHABLE_CODE = YES;
				CLANG_WARN__DUPLICATE_METHOD_MATCH = YES;
				COPY_PHASE_STRIP = NO;
				DEBUG_INFORMATION_FORMAT = "dwarf-with-dsym";
				ENABLE_NS_ASSERTIONS = NO;
				ENABLE_STRICT_OBJC_MSGSEND = YES;
				GCC_C_LANGUAGE_STANDARD = gnu11;
				GCC_NO_COMMON_BLOCKS = YES;
				GCC_WARN_64_TO_32_BIT_CONVERSION = YES;
				GCC_WARN_ABOUT_RETURN_TYPE = YES_ERROR;
				GCC_WARN_UNDECLARED_SELECTOR = YES;
				GCC_WARN_UNINITIALIZED_AUTOS = YES_AGGRESSIVE;
				GCC_WARN_UNUSED_FUNCTION = YES;
				GCC_WARN_UNUSED_VARIABLE = YES;
				IPHONEOS_DEPLOYMENT_TARGET = 13.0;
				MTL_ENABLE_DEBUG_INFO = NO;
				MTL_FAST_MATH = YES;
				SDKROOT = iphoneos;
				SWIFT_COMPILATION_MODE = wholemodule;
				SWIFT_OPTIMIZATION_LEVEL = "-O";
				VALIDATE_PRODUCT = YES;
			};
			name = Release;
		};
		CAE982C324A8B6490036501C /* Debug */ = {
			isa = XCBuildConfiguration;
			buildSettings = {
				ASSETCATALOG_COMPILER_APPICON_NAME = AppIcon;
				CODE_SIGN_STYLE = Automatic;
				DEVELOPMENT_TEAM = CVPV8WR9Y3;
				INFOPLIST_FILE = "Key Info/Info.plist";
				LD_RUNPATH_SEARCH_PATHS = (
					"$(inherited)",
					"@executable_path/Frameworks",
				);
				PRODUCT_BUNDLE_IDENTIFIER = "com.PaulBarnes.Key-Info";
				PRODUCT_NAME = "$(TARGET_NAME)";
				SWIFT_VERSION = 5.0;
				TARGETED_DEVICE_FAMILY = "1,2";
			};
			name = Debug;
		};
		CAE982C424A8B6490036501C /* Release */ = {
			isa = XCBuildConfiguration;
			buildSettings = {
				ASSETCATALOG_COMPILER_APPICON_NAME = AppIcon;
				CODE_SIGN_STYLE = Automatic;
				DEVELOPMENT_TEAM = CVPV8WR9Y3;
				INFOPLIST_FILE = "Key Info/Info.plist";
				LD_RUNPATH_SEARCH_PATHS = (
					"$(inherited)",
					"@executable_path/Frameworks",
				);
				PRODUCT_BUNDLE_IDENTIFIER = "com.PaulBarnes.Key-Info";
				PRODUCT_NAME = "$(TARGET_NAME)";
				SWIFT_VERSION = 5.0;
				TARGETED_DEVICE_FAMILY = "1,2";
			};
			name = Release;
		};
/* End XCBuildConfiguration section */

/* Begin XCConfigurationList section */
		CAE982A624A8B6480036501C /* Build configuration list for PBXProject "Key Info" */ = {
			isa = XCConfigurationList;
			buildConfigurations = (
				CAE982C024A8B6490036501C /* Debug */,
				CAE982C124A8B6490036501C /* Release */,
			);
			defaultConfigurationIsVisible = 0;
			defaultConfigurationName = Release;
		};
		CAE982C224A8B6490036501C /* Build configuration list for PBXNativeTarget "Key Info" */ = {
			isa = XCConfigurationList;
			buildConfigurations = (
				CAE982C324A8B6490036501C /* Debug */,
				CAE982C424A8B6490036501C /* Release */,
			);
			defaultConfigurationIsVisible = 0;
			defaultConfigurationName = Release;
		};
/* End XCConfigurationList section */

/* Begin XCVersionGroup section */
		CAE982B724A8B6480036501C /* Key_Info.xcdatamodeld */ = {
			isa = XCVersionGroup;
			children = (
				CAE982B824A8B6480036501C /* Key_Info.xcdatamodel */,
			);
			currentVersion = CAE982B824A8B6480036501C /* Key_Info.xcdatamodel */;
			path = Key_Info.xcdatamodeld;
			sourceTree = "<group>";
			versionGroupType = wrapper.xcdatamodel;
		};
/* End XCVersionGroup section */
	};
	rootObject = CAE982A324A8B6480036501C /* Project object */;
}
